
Microsoft Visual Studio Solution File, Format Version 12.00
# Visual Studio Version 16
VisualStudioVersion = 16.0.29230.47
MinimumVisualStudioVersion = 10.0.40219.1
Project("{9A19103F-16F7-4668-BE54-9A1E7A4F7556}") = "MetalArchivesNET", "MetalArchivesNET\MetalArchivesNET.csproj", "{1CD0152E-BBBA-4CAF-BBB1-2C57A33272B7}"
EndProject
Project("{FAE04EC0-301F-11D3-BF4B-00C04F79EFBC}") = "MetalArchivesNET.Tests", "MetalArchivesNET.Tests\MetalArchivesNET.Tests.csproj", "{F266A5DA-E6B9-4C76-B030-390170E12C61}"
EndProject
Global
	GlobalSection(SolutionConfigurationPlatforms) = preSolution
		Debug|Any CPU = Debug|Any CPU
		Release|Any CPU = Release|Any CPU
	EndGlobalSection
	GlobalSection(ProjectConfigurationPlatforms) = postSolution
		{1CD0152E-BBBA-4CAF-BBB1-2C57A33272B7}.Debug|Any CPU.ActiveCfg = Debug|Any CPU
		{1CD0152E-BBBA-4CAF-BBB1-2C57A33272B7}.Debug|Any CPU.Build.0 = Debug|Any CPU
		{1CD0152E-BBBA-4CAF-BBB1-2C57A33272B7}.Release|Any CPU.ActiveCfg = Release|Any CPU
		{1CD0152E-BBBA-4CAF-BBB1-2C57A33272B7}.Release|Any CPU.Build.0 = Release|Any CPU
		{F266A5DA-E6B9-4C76-B030-390170E12C61}.Debug|Any CPU.ActiveCfg = Debug|Any CPU
		{F266A5DA-E6B9-4C76-B030-390170E12C61}.Debug|Any CPU.Build.0 = Debug|Any CPU
		{F266A5DA-E6B9-4C76-B030-390170E12C61}.Release|Any CPU.ActiveCfg = Release|Any CPU
		{F266A5DA-E6B9-4C76-B030-390170E12C61}.Release|Any CPU.Build.0 = Release|Any CPU
	EndGlobalSection
	GlobalSection(SolutionProperties) = preSolution
		HideSolutionNode = FALSE
	EndGlobalSection
	GlobalSection(ExtensibilityGlobals) = postSolution
		SolutionGuid = {7383D6CE-3C42-43BB-9A8E-1CD7393F2A53}
	EndGlobalSection
EndGlobal
